
Microsoft Visual Studio Solution File, Format Version 12.00
# Visual Studio Version 16
VisualStudioVersion = 16.0.29728.190
MinimumVisualStudioVersion = 10.0.40219.1
Project("{FAE04EC0-301F-11D3-BF4B-00C04F79EFBC}") = "MonitorApi", "MonitorApi.csproj", "{5192D85A-E5DB-451A-8823-CC2EF6D99489}"
EndProject
Global
	GlobalSection(SolutionConfigurationPlatforms) = preSolution
		Debug|Any CPU = Debug|Any CPU
		Release|Any CPU = Release|Any CPU
	EndGlobalSection
	GlobalSection(ProjectConfigurationPlatforms) = postSolution
		{5192D85A-E5DB-451A-8823-CC2EF6D99489}.Debug|Any CPU.ActiveCfg = Debug|Any CPU
		{5192D85A-E5DB-451A-8823-CC2EF6D99489}.Debug|Any CPU.Build.0 = Debug|Any CPU
		{5192D85A-E5DB-451A-8823-CC2EF6D99489}.Release|Any CPU.ActiveCfg = Release|Any CPU
		{5192D85A-E5DB-451A-8823-CC2EF6D99489}.Release|Any CPU.Build.0 = Release|Any CPU
	EndGlobalSection
	GlobalSection(SolutionProperties) = preSolution
		HideSolutionNode = FALSE
	EndGlobalSection
	GlobalSection(ExtensibilityGlobals) = postSolution
		SolutionGuid = {45AC1FC3-5721-4DD8-A4BE-03D2BB85B09D}
	EndGlobalSection
EndGlobal
